
Microsoft Visual Studio Solution File, Format Version 12.00
# Visual Studio Version 16
VisualStudioVersion = 16.0.34601.136
MinimumVisualStudioVersion = 10.0.40219.1
Project("{FAE04EC0-301F-11D3-BF4B-00C04F79EFBC}") = "SAK 1.0", "SAK 1.0\SAK 1.0.csproj", "{778F7982-1277-443B-88E9-F194F26790CD}"
EndProject
Global
	GlobalSection(SolutionConfigurationPlatforms) = preSolution
		Debug|Any CPU = Debug|Any CPU
		Release|Any CPU = Release|Any CPU
	EndGlobalSection
	GlobalSection(ProjectConfigurationPlatforms) = postSolution
		{778F7982-1277-443B-88E9-F194F26790CD}.Debug|Any CPU.ActiveCfg = Debug|Any CPU
		{778F7982-1277-443B-88E9-F194F26790CD}.Debug|Any CPU.Build.0 = Debug|Any CPU
		{778F7982-1277-443B-88E9-F194F26790CD}.Release|Any CPU.ActiveCfg = Release|Any CPU
		{778F7982-1277-443B-88E9-F194F26790CD}.Release|Any CPU.Build.0 = Release|Any CPU
	EndGlobalSection
	GlobalSection(SolutionProperties) = preSolution
		HideSolutionNode = FALSE
	EndGlobalSection
	GlobalSection(ExtensibilityGlobals) = postSolution
		SolutionGuid = {7854C81A-9836-412C-BCEB-3B0CCAB76DDF}
	EndGlobalSection
EndGlobal
